// !$*UTF8*$!
{
	archiveVersion = 1;
	classes = {
	};
	objectVersion = 50;
	objects = {

/* Begin PBXBuildFile section */
		AB0C65CF20BFA84500CA574A /* t.jpg in Resources */ = {isa = PBXBuildFile; fileRef = AB0C65CE20BFA84500CA574A /* t.jpg */; };
		AB0C65D120BFA8B800CA574A /* h.jpg in Resources */ = {isa = PBXBuildFile; fileRef = AB0C65D020BFA8B800CA574A /* h.jpg */; };
		AB0C65D520C01CBE00CA574A /* w.jpg in Resources */ = {isa = PBXBuildFile; fileRef = AB0C65D420C01CBE00CA574A /* w.jpg */; };
		AB8CAFC820B5390500AEEFDC /* SimpleVertex.glsl in Resources */ = {isa = PBXBuildFile; fileRef = AB8CAFC720B5390500AEEFDC /* SimpleVertex.glsl */; };
		AB8CAFCA20B53A9100AEEFDC /* SimpleFragment.glsl in Resources */ = {isa = PBXBuildFile; fileRef = AB8CAFC920B53A9100AEEFDC /* SimpleFragment.glsl */; };
		AB8CAFE920B6924700AEEFDC /* OpenGLES.framework in Frameworks */ = {isa = PBXBuildFile; fileRef = AB9C5EF020B40B10000E60E9 /* OpenGLES.framework */; };
		AB8CAFF320B6A2B400AEEFDC /* RWTBase.fsh in Resources */ = {isa = PBXBuildFile; fileRef = AB8CAFED20B6A2B400AEEFDC /* RWTBase.fsh */; };
		AB8CAFF420B6A2B400AEEFDC /* RWTMoon.fsh in Resources */ = {isa = PBXBuildFile; fileRef = AB8CAFEE20B6A2B400AEEFDC /* RWTMoon.fsh */; };
		AB8CAFF520B6A2B400AEEFDC /* RWTGradient.fsh in Resources */ = {isa = PBXBuildFile; fileRef = AB8CAFEF20B6A2B400AEEFDC /* RWTGradient.fsh */; };
		AB8CAFF620B6A2B400AEEFDC /* RWTSphere.fsh in Resources */ = {isa = PBXBuildFile; fileRef = AB8CAFF020B6A2B400AEEFDC /* RWTSphere.fsh */; };
		AB8CAFF720B6A2B400AEEFDC /* RWTBase.vsh in Resources */ = {isa = PBXBuildFile; fileRef = AB8CAFF120B6A2B400AEEFDC /* RWTBase.vsh */; };
		AB8CAFF820B6A2B400AEEFDC /* RWTNoise.fsh in Resources */ = {isa = PBXBuildFile; fileRef = AB8CAFF220B6A2B400AEEFDC /* RWTNoise.fsh */; };
		AB8CAFFD20B6B53400AEEFDC /* RWTSimpleVertex.glsl in Resources */ = {isa = PBXBuildFile; fileRef = AB8CAFFC20B6B53400AEEFDC /* RWTSimpleVertex.glsl */; };
		AB8CAFFF20B6B59800AEEFDC /* RWTSimpleFragment.glsl in Resources */ = {isa = PBXBuildFile; fileRef = AB8CAFFE20B6B59800AEEFDC /* RWTSimpleFragment.glsl */; };
		AB8CB00120B6BCE500AEEFDC /* RWTView.swift in Sources */ = {isa = PBXBuildFile; fileRef = AB8CB00020B6BCE500AEEFDC /* RWTView.swift */; };
		AB8CB00320B6BD1300AEEFDC /* Extension.swift in Sources */ = {isa = PBXBuildFile; fileRef = AB8CB00220B6BD1300AEEFDC /* Extension.swift */; };
		AB8CB00520B828C100AEEFDC /* Cube.swift in Sources */ = {isa = PBXBuildFile; fileRef = AB8CB00420B828C100AEEFDC /* Cube.swift */; };
		AB8CB02D20BD17BD00AEEFDC /* Rocket.swift in Sources */ = {isa = PBXBuildFile; fileRef = AB8CB02C20BD17BD00AEEFDC /* Rocket.swift */; };
		AB8CB02F20BD228D00AEEFDC /* AmbientLightingFragment.glsl in Resources */ = {isa = PBXBuildFile; fileRef = AB8CB02E20BD228D00AEEFDC /* AmbientLightingFragment.glsl */; };
		AB8CB03120BD54A600AEEFDC /* GLUtil.swift in Sources */ = {isa = PBXBuildFile; fileRef = AB8CB03020BD54A600AEEFDC /* GLUtil.swift */; };
		AB8CB03520BEBE6A00AEEFDC /* TexVertex.glsl in Resources */ = {isa = PBXBuildFile; fileRef = AB8CB03420BEBE6900AEEFDC /* TexVertex.glsl */; };
		AB8CB03720BEBE9F00AEEFDC /* TexFragment.glsl in Resources */ = {isa = PBXBuildFile; fileRef = AB8CB03620BEBE9F00AEEFDC /* TexFragment.glsl */; };
		AB9C5EDA20B3B997000E60E9 /* AppDelegate.swift in Sources */ = {isa = PBXBuildFile; fileRef = AB9C5ED920B3B997000E60E9 /* AppDelegate.swift */; };
		AB9C5EDC20B3B997000E60E9 /* ViewController.swift in Sources */ = {isa = PBXBuildFile; fileRef = AB9C5EDB20B3B997000E60E9 /* ViewController.swift */; };
		AB9C5EDF20B3B997000E60E9 /* Main.storyboard in Resources */ = {isa = PBXBuildFile; fileRef = AB9C5EDD20B3B997000E60E9 /* Main.storyboard */; };
		AB9C5EE120B3B999000E60E9 /* Assets.xcassets in Resources */ = {isa = PBXBuildFile; fileRef = AB9C5EE020B3B999000E60E9 /* Assets.xcassets */; };
		AB9C5EE420B3B999000E60E9 /* LaunchScreen.storyboard in Resources */ = {isa = PBXBuildFile; fileRef = AB9C5EE220B3B999000E60E9 /* LaunchScreen.storyboard */; };
		AB9C5EEC20B3EB2F000E60E9 /* MyGLView.swift in Sources */ = {isa = PBXBuildFile; fileRef = AB9C5EEB20B3EB2F000E60E9 /* MyGLView.swift */; };
/* End PBXBuildFile section */

/* Begin PBXFileReference section */
		AB0C65CE20BFA84500CA574A /* t.jpg */ = {isa = PBXFileReference; lastKnownFileType = image.jpeg; path = t.jpg; sourceTree = "<group>"; };
		AB0C65D020BFA8B800CA574A /* h.jpg */ = {isa = PBXFileReference; lastKnownFileType = image.jpeg; path = h.jpg; sourceTree = "<group>"; };
		AB0C65D420C01CBE00CA574A /* w.jpg */ = {isa = PBXFileReference; lastKnownFileType = image.jpeg; path = w.jpg; sourceTree = "<group>"; };
		AB8CAFC720B5390500AEEFDC /* SimpleVertex.glsl */ = {isa = PBXFileReference; lastKnownFileType = text; path = SimpleVertex.glsl; sourceTree = "<group>"; };
		AB8CAFC920B53A9100AEEFDC /* SimpleFragment.glsl */ = {isa = PBXFileReference; lastKnownFileType = text; path = SimpleFragment.glsl; sourceTree = "<group>"; };
		AB8CAFED20B6A2B400AEEFDC /* RWTBase.fsh */ = {isa = PBXFileReference; fileEncoding = 4; lastKnownFileType = sourcecode.glsl; path = RWTBase.fsh; sourceTree = "<group>"; };
		AB8CAFEE20B6A2B400AEEFDC /* RWTMoon.fsh */ = {isa = PBXFileReference; fileEncoding = 4; lastKnownFileType = sourcecode.glsl; path = RWTMoon.fsh; sourceTree = "<group>"; };
		AB8CAFEF20B6A2B400AEEFDC /* RWTGradient.fsh */ = {isa = PBXFileReference; fileEncoding = 4; lastKnownFileType = sourcecode.glsl; path = RWTGradient.fsh; sourceTree = "<group>"; };
		AB8CAFF020B6A2B400AEEFDC /* RWTSphere.fsh */ = {isa = PBXFileReference; fileEncoding = 4; lastKnownFileType = sourcecode.glsl; path = RWTSphere.fsh; sourceTree = "<group>"; };
		AB8CAFF120B6A2B400AEEFDC /* RWTBase.vsh */ = {isa = PBXFileReference; fileEncoding = 4; lastKnownFileType = sourcecode.glsl; path = RWTBase.vsh; sourceTree = "<group>"; };
		AB8CAFF220B6A2B400AEEFDC /* RWTNoise.fsh */ = {isa = PBXFileReference; fileEncoding = 4; lastKnownFileType = sourcecode.glsl; path = RWTNoise.fsh; sourceTree = "<group>"; };
		AB8CAFFC20B6B53400AEEFDC /* RWTSimpleVertex.glsl */ = {isa = PBXFileReference; lastKnownFileType = text; name = RWTSimpleVertex.glsl; path = ../../../../../Downloads/RWTSimpleVertex.glsl; sourceTree = "<group>"; };
		AB8CAFFE20B6B59800AEEFDC /* RWTSimpleFragment.glsl */ = {isa = PBXFileReference; lastKnownFileType = text; path = RWTSimpleFragment.glsl; sourceTree = "<group>"; };
		AB8CB00020B6BCE500AEEFDC /* RWTView.swift */ = {isa = PBXFileReference; lastKnownFileType = sourcecode.swift; path = RWTView.swift; sourceTree = "<group>"; };
		AB8CB00220B6BD1300AEEFDC /* Extension.swift */ = {isa = PBXFileReference; lastKnownFileType = sourcecode.swift; path = Extension.swift; sourceTree = "<group>"; };
		AB8CB00420B828C100AEEFDC /* Cube.swift */ = {isa = PBXFileReference; lastKnownFileType = sourcecode.swift; path = Cube.swift; sourceTree = "<group>"; };
		AB8CB02C20BD17BD00AEEFDC /* Rocket.swift */ = {isa = PBXFileReference; lastKnownFileType = sourcecode.swift; path = Rocket.swift; sourceTree = "<group>"; };
		AB8CB02E20BD228D00AEEFDC /* AmbientLightingFragment.glsl */ = {isa = PBXFileReference; lastKnownFileType = text; path = AmbientLightingFragment.glsl; sourceTree = "<group>"; };
		AB8CB03020BD54A600AEEFDC /* GLUtil.swift */ = {isa = PBXFileReference; lastKnownFileType = sourcecode.swift; path = GLUtil.swift; sourceTree = "<group>"; };
		AB8CB03420BEBE6900AEEFDC /* TexVertex.glsl */ = {isa = PBXFileReference; lastKnownFileType = text; path = TexVertex.glsl; sourceTree = "<group>"; };
		AB8CB03620BEBE9F00AEEFDC /* TexFragment.glsl */ = {isa = PBXFileReference; lastKnownFileType = text; path = TexFragment.glsl; sourceTree = "<group>"; };
		AB9C5ED620B3B997000E60E9 /* GLKitDemo.app */ = {isa = PBXFileReference; explicitFileType = wrapper.application; includeInIndex = 0; path = GLKitDemo.app; sourceTree = BUILT_PRODUCTS_DIR; };
		AB9C5ED920B3B997000E60E9 /* AppDelegate.swift */ = {isa = PBXFileReference; lastKnownFileType = sourcecode.swift; path = AppDelegate.swift; sourceTree = "<group>"; };
		AB9C5EDB20B3B997000E60E9 /* ViewController.swift */ = {isa = PBXFileReference; lastKnownFileType = sourcecode.swift; path = ViewController.swift; sourceTree = "<group>"; };
		AB9C5EDE20B3B997000E60E9 /* Base */ = {isa = PBXFileReference; lastKnownFileType = file.storyboard; name = Base; path = Base.lproj/Main.storyboard; sourceTree = "<group>"; };
		AB9C5EE020B3B999000E60E9 /* Assets.xcassets */ = {isa = PBXFileReference; lastKnownFileType = folder.assetcatalog; path = Assets.xcassets; sourceTree = "<group>"; };
		AB9C5EE320B3B999000E60E9 /* Base */ = {isa = PBXFileReference; lastKnownFileType = file.storyboard; name = Base; path = Base.lproj/LaunchScreen.storyboard; sourceTree = "<group>"; };
		AB9C5EE520B3B999000E60E9 /* Info.plist */ = {isa = PBXFileReference; lastKnownFileType = text.plist.xml; path = Info.plist; sourceTree = "<group>"; };
		AB9C5EEB20B3EB2F000E60E9 /* MyGLView.swift */ = {isa = PBXFileReference; lastKnownFileType = sourcecode.swift; path = MyGLView.swift; sourceTree = "<group>"; };
		AB9C5EEE20B40B09000E60E9 /* QuartzCore.framework */ = {isa = PBXFileReference; lastKnownFileType = wrapper.framework; name = QuartzCore.framework; path = System/Library/Frameworks/QuartzCore.framework; sourceTree = SDKROOT; };
		AB9C5EF020B40B10000E60E9 /* OpenGLES.framework */ = {isa = PBXFileReference; lastKnownFileType = wrapper.framework; name = OpenGLES.framework; path = System/Library/Frameworks/OpenGLES.framework; sourceTree = SDKROOT; };
		AB9C5EF220B40B19000E60E9 /* GLKit.framework */ = {isa = PBXFileReference; lastKnownFileType = wrapper.framework; name = GLKit.framework; path = System/Library/Frameworks/GLKit.framework; sourceTree = SDKROOT; };
		AB9C5EF620B41EF6000E60E9 /* GLKitDemo-Bridging-Header.h */ = {isa = PBXFileReference; lastKnownFileType = sourcecode.c.h; path = "GLKitDemo-Bridging-Header.h"; sourceTree = "<group>"; };
/* End PBXFileReference section */

/* Begin PBXFrameworksBuildPhase section */
		AB9C5ED320B3B997000E60E9 /* Frameworks */ = {
			isa = PBXFrameworksBuildPhase;
			buildActionMask = 2147483647;
			files = (
				AB8CAFE920B6924700AEEFDC /* OpenGLES.framework in Frameworks */,
			);
			runOnlyForDeploymentPostprocessing = 0;
		};
/* End PBXFrameworksBuildPhase section */

/* Begin PBXGroup section */
		AB8CAFF920B6A3AD00AEEFDC /* Shader */ = {
			isa = PBXGroup;
			children = (
				AB8CAFED20B6A2B400AEEFDC /* RWTBase.fsh */,
				AB8CAFEE20B6A2B400AEEFDC /* RWTMoon.fsh */,
				AB8CAFEF20B6A2B400AEEFDC /* RWTGradient.fsh */,
				AB8CAFF020B6A2B400AEEFDC /* RWTSphere.fsh */,
				AB8CAFF120B6A2B400AEEFDC /* RWTBase.vsh */,
				AB8CAFF220B6A2B400AEEFDC /* RWTNoise.fsh */,
				AB8CAFC720B5390500AEEFDC /* SimpleVertex.glsl */,
				AB8CAFC920B53A9100AEEFDC /* SimpleFragment.glsl */,
				AB8CAFFC20B6B53400AEEFDC /* RWTSimpleVertex.glsl */,
				AB8CAFFE20B6B59800AEEFDC /* RWTSimpleFragment.glsl */,
				AB8CB02E20BD228D00AEEFDC /* AmbientLightingFragment.glsl */,
				AB8CB03420BEBE6900AEEFDC /* TexVertex.glsl */,
				AB8CB03620BEBE9F00AEEFDC /* TexFragment.glsl */,
			);
			path = Shader;
			sourceTree = "<group>";
		};
		AB8CAFFB20B6B25A00AEEFDC /* Others */ = {
			isa = PBXGroup;
			children = (
			);
			path = Others;
			sourceTree = "<group>";
		};
		AB9C5ECD20B3B997000E60E9 = {
			isa = PBXGroup;
			children = (
				AB9C5ED820B3B997000E60E9 /* GLKitDemo */,
				AB9C5ED720B3B997000E60E9 /* Products */,
				AB9C5EED20B40B09000E60E9 /* Frameworks */,
			);
			sourceTree = "<group>";
		};
		AB9C5ED720B3B997000E60E9 /* Products */ = {
			isa = PBXGroup;
			children = (
				AB9C5ED620B3B997000E60E9 /* GLKitDemo.app */,
			);
			name = Products;
			sourceTree = "<group>";
		};
		AB9C5ED820B3B997000E60E9 /* GLKitDemo */ = {
			isa = PBXGroup;
			children = (
				AB0C65D420C01CBE00CA574A /* w.jpg */,
				AB0C65D020BFA8B800CA574A /* h.jpg */,
				AB0C65CE20BFA84500CA574A /* t.jpg */,
				AB9C5ED920B3B997000E60E9 /* AppDelegate.swift */,
				AB9C5EDB20B3B997000E60E9 /* ViewController.swift */,
				AB8CB00020B6BCE500AEEFDC /* RWTView.swift */,
				AB9C5EEB20B3EB2F000E60E9 /* MyGLView.swift */,
				AB8CB02C20BD17BD00AEEFDC /* Rocket.swift */,
				AB8CB00420B828C100AEEFDC /* Cube.swift */,
				AB8CB03020BD54A600AEEFDC /* GLUtil.swift */,
				AB8CB00220B6BD1300AEEFDC /* Extension.swift */,
				AB9C5EDD20B3B997000E60E9 /* Main.storyboard */,
				AB9C5EF620B41EF6000E60E9 /* GLKitDemo-Bridging-Header.h */,
				AB9C5EE220B3B999000E60E9 /* LaunchScreen.storyboard */,
				AB9C5EE520B3B999000E60E9 /* Info.plist */,
				AB9C5EE020B3B999000E60E9 /* Assets.xcassets */,
				AB8CAFF920B6A3AD00AEEFDC /* Shader */,
				AB8CAFFB20B6B25A00AEEFDC /* Others */,
			);
			path = GLKitDemo;
			sourceTree = "<group>";
		};
		AB9C5EED20B40B09000E60E9 /* Frameworks */ = {
			isa = PBXGroup;
			children = (
				AB9C5EF220B40B19000E60E9 /* GLKit.framework */,
				AB9C5EF020B40B10000E60E9 /* OpenGLES.framework */,
				AB9C5EEE20B40B09000E60E9 /* QuartzCore.framework */,
			);
			name = Frameworks;
			sourceTree = "<group>";
		};
/* End PBXGroup section */

/* Begin PBXNativeTarget section */
		AB9C5ED520B3B997000E60E9 /* GLKitDemo */ = {
			isa = PBXNativeTarget;
			buildConfigurationList = AB9C5EE820B3B999000E60E9 /* Build configuration list for PBXNativeTarget "GLKitDemo" */;
			buildPhases = (
				AB9C5ED220B3B997000E60E9 /* Sources */,
				AB9C5ED320B3B997000E60E9 /* Frameworks */,
				AB9C5ED420B3B997000E60E9 /* Resources */,
			);
			buildRules = (
			);
			dependencies = (
			);
			name = GLKitDemo;
			productName = GLKitDemo;
			productReference = AB9C5ED620B3B997000E60E9 /* GLKitDemo.app */;
			productType = "com.apple.product-type.application";
		};
/* End PBXNativeTarget section */

/* Begin PBXProject section */
		AB9C5ECE20B3B997000E60E9 /* Project object */ = {
			isa = PBXProject;
			attributes = {
				LastSwiftUpdateCheck = 0930;
				LastUpgradeCheck = 0930;
				ORGANIZATIONNAME = techcul;
				TargetAttributes = {
					AB9C5ED520B3B997000E60E9 = {
						CreatedOnToolsVersion = 9.3.1;
						LastSwiftMigration = 0930;
					};
				};
			};
			buildConfigurationList = AB9C5ED120B3B997000E60E9 /* Build configuration list for PBXProject "GLKitDemo" */;
			compatibilityVersion = "Xcode 9.3";
			developmentRegion = en;
			hasScannedForEncodings = 0;
			knownRegions = (
				en,
				Base,
			);
			mainGroup = AB9C5ECD20B3B997000E60E9;
			productRefGroup = AB9C5ED720B3B997000E60E9 /* Products */;
			projectDirPath = "";
			projectRoot = "";
			targets = (
				AB9C5ED520B3B997000E60E9 /* GLKitDemo */,
			);
		};
/* End PBXProject section */

/* Begin PBXResourcesBuildPhase section */
		AB9C5ED420B3B997000E60E9 /* Resources */ = {
			isa = PBXResourcesBuildPhase;
			buildActionMask = 2147483647;
			files = (
				AB8CAFF620B6A2B400AEEFDC /* RWTSphere.fsh in Resources */,
				AB8CAFFD20B6B53400AEEFDC /* RWTSimpleVertex.glsl in Resources */,
				AB9C5EE420B3B999000E60E9 /* LaunchScreen.storyboard in Resources */,
				AB0C65CF20BFA84500CA574A /* t.jpg in Resources */,
				AB8CAFF520B6A2B400AEEFDC /* RWTGradient.fsh in Resources */,
				AB8CAFF820B6A2B400AEEFDC /* RWTNoise.fsh in Resources */,
				AB8CB03720BEBE9F00AEEFDC /* TexFragment.glsl in Resources */,
				AB8CB02F20BD228D00AEEFDC /* AmbientLightingFragment.glsl in Resources */,
				AB8CAFC820B5390500AEEFDC /* SimpleVertex.glsl in Resources */,
				AB9C5EE120B3B999000E60E9 /* Assets.xcassets in Resources */,
				AB9C5EDF20B3B997000E60E9 /* Main.storyboard in Resources */,
				AB0C65D520C01CBE00CA574A /* w.jpg in Resources */,
				AB8CAFFF20B6B59800AEEFDC /* RWTSimpleFragment.glsl in Resources */,
				AB0C65D120BFA8B800CA574A /* h.jpg in Resources */,
				AB8CB03520BEBE6A00AEEFDC /* TexVertex.glsl in Resources */,
				AB8CAFF420B6A2B400AEEFDC /* RWTMoon.fsh in Resources */,
				AB8CAFF320B6A2B400AEEFDC /* RWTBase.fsh in Resources */,
				AB8CAFF720B6A2B400AEEFDC /* RWTBase.vsh in Resources */,
				AB8CAFCA20B53A9100AEEFDC /* SimpleFragment.glsl in Resources */,
			);
			runOnlyForDeploymentPostprocessing = 0;
		};
/* End PBXResourcesBuildPhase section */

/* Begin PBXSourcesBuildPhase section */
		AB9C5ED220B3B997000E60E9 /* Sources */ = {
			isa = PBXSourcesBuildPhase;
			buildActionMask = 2147483647;
			files = (
				AB8CB03120BD54A600AEEFDC /* GLUtil.swift in Sources */,
				AB8CB02D20BD17BD00AEEFDC /* Rocket.swift in Sources */,
				AB9C5EDC20B3B997000E60E9 /* ViewController.swift in Sources */,
				AB8CB00320B6BD1300AEEFDC /* Extension.swift in Sources */,
				AB8CB00520B828C100AEEFDC /* Cube.swift in Sources */,
				AB8CB00120B6BCE500AEEFDC /* RWTView.swift in Sources */,
				AB9C5EEC20B3EB2F000E60E9 /* MyGLView.swift in Sources */,
				AB9C5EDA20B3B997000E60E9 /* AppDelegate.swift in Sources */,
			);
			runOnlyForDeploymentPostprocessing = 0;
		};
/* End PBXSourcesBuildPhase section */

/* Begin PBXVariantGroup section */
		AB9C5EDD20B3B997000E60E9 /* Main.storyboard */ = {
			isa = PBXVariantGroup;
			children = (
				AB9C5EDE20B3B997000E60E9 /* Base */,
			);
			name = Main.storyboard;
			sourceTree = "<group>";
		};
		AB9C5EE220B3B999000E60E9 /* LaunchScreen.storyboard */ = {
			isa = PBXVariantGroup;
			children = (
				AB9C5EE320B3B999000E60E9 /* Base */,
			);
			name = LaunchScreen.storyboard;
			sourceTree = "<group>";
		};
/* End PBXVariantGroup section */

/* Begin XCBuildConfiguration section */
		AB9C5EE620B3B999000E60E9 /* Debug */ = {
			isa = XCBuildConfiguration;
			buildSettings = {
				ALWAYS_SEARCH_USER_PATHS = NO;
				CLANG_ANALYZER_NONNULL = YES;
				CLANG_ANALYZER_NUMBER_OBJECT_CONVERSION = YES_AGGRESSIVE;
				CLANG_CXX_LANGUAGE_STANDARD = "gnu++14";
				CLANG_CXX_LIBRARY = "libc++";
				CLANG_ENABLE_MODULES = YES;
				CLANG_ENABLE_OBJC_ARC = YES;
				CLANG_ENABLE_OBJC_WEAK = YES;
				CLANG_WARN_BLOCK_CAPTURE_AUTORELEASING = YES;
				CLANG_WARN_BOOL_CONVERSION = YES;
				CLANG_WARN_COMMA = YES;
				CLANG_WARN_CONSTANT_CONVERSION = YES;
				CLANG_WARN_DEPRECATED_OBJC_IMPLEMENTATIONS = YES;
				CLANG_WARN_DIRECT_OBJC_ISA_USAGE = YES_ERROR;
				CLANG_WARN_DOCUMENTATION_COMMENTS = YES;
				CLANG_WARN_EMPTY_BODY = YES;
				CLANG_WARN_ENUM_CONVERSION = YES;
				CLANG_WARN_INFINITE_RECURSION = YES;
				CLANG_WARN_INT_CONVERSION = YES;
				CLANG_WARN_NON_LITERAL_NULL_CONVERSION = YES;
				CLANG_WARN_OBJC_IMPLICIT_RETAIN_SELF = YES;
				CLANG_WARN_OBJC_LITERAL_CONVERSION = YES;
				CLANG_WARN_OBJC_ROOT_CLASS = YES_ERROR;
				CLANG_WARN_RANGE_LOOP_ANALYSIS = YES;
				CLANG_WARN_STRICT_PROTOTYPES = YES;
				CLANG_WARN_SUSPICIOUS_MOVE = YES;
				CLANG_WARN_UNGUARDED_AVAILABILITY = YES_AGGRESSIVE;
				CLANG_WARN_UNREACHABLE_CODE = YES;
				CLANG_WARN__DUPLICATE_METHOD_MATCH = YES;
				CODE_SIGN_IDENTITY = "iPhone Developer";
				COPY_PHASE_STRIP = NO;
				DEBUG_INFORMATION_FORMAT = dwarf;
				ENABLE_STRICT_OBJC_MSGSEND = YES;
				ENABLE_TESTABILITY = YES;
				GCC_C_LANGUAGE_STANDARD = gnu11;
				GCC_DYNAMIC_NO_PIC = NO;
				GCC_NO_COMMON_BLOCKS = YES;
				GCC_OPTIMIZATION_LEVEL = 0;
				GCC_PREPROCESSOR_DEFINITIONS = (
					"DEBUG=1",
					"$(inherited)",
				);
				GCC_WARN_64_TO_32_BIT_CONVERSION = YES;
				GCC_WARN_ABOUT_RETURN_TYPE = YES_ERROR;
				GCC_WARN_UNDECLARED_SELECTOR = YES;
				GCC_WARN_UNINITIALIZED_AUTOS = YES_AGGRESSIVE;
				GCC_WARN_UNUSED_FUNCTION = YES;
				GCC_WARN_UNUSED_VARIABLE = YES;
				IPHONEOS_DEPLOYMENT_TARGET = 11.3;
				MTL_ENABLE_DEBUG_INFO = YES;
				ONLY_ACTIVE_ARCH = YES;
				SDKROOT = iphoneos;
				SWIFT_ACTIVE_COMPILATION_CONDITIONS = DEBUG;
				SWIFT_OPTIMIZATION_LEVEL = "-Onone";
			};
			name = Debug;
		};
		AB9C5EE720B3B999000E60E9 /* Release */ = {
			isa = XCBuildConfiguration;
			buildSettings = {
				ALWAYS_SEARCH_USER_PATHS = NO;
				CLANG_ANALYZER_NONNULL = YES;
				CLANG_ANALYZER_NUMBER_OBJECT_CONVERSION = YES_AGGRESSIVE;
				CLANG_CXX_LANGUAGE_STANDARD = "gnu++14";
				CLANG_CXX_LIBRARY = "libc++";
				CLANG_ENABLE_MODULES = YES;
				CLANG_ENABLE_OBJC_ARC = YES;
				CLANG_ENABLE_OBJC_WEAK = YES;
				CLANG_WARN_BLOCK_CAPTURE_AUTORELEASING = YES;
				CLANG_WARN_BOOL_CONVERSION = YES;
				CLANG_WARN_COMMA = YES;
				CLANG_WARN_CONSTANT_CONVERSION = YES;
				CLANG_WARN_DEPRECATED_OBJC_IMPLEMENTATIONS = YES;
				CLANG_WARN_DIRECT_OBJC_ISA_USAGE = YES_ERROR;
				CLANG_WARN_DOCUMENTATION_COMMENTS = YES;
				CLANG_WARN_EMPTY_BODY = YES;
				CLANG_WARN_ENUM_CONVERSION = YES;
				CLANG_WARN_INFINITE_RECURSION = YES;
				CLANG_WARN_INT_CONVERSION = YES;
				CLANG_WARN_NON_LITERAL_NULL_CONVERSION = YES;
				CLANG_WARN_OBJC_IMPLICIT_RETAIN_SELF = YES;
				CLANG_WARN_OBJC_LITERAL_CONVERSION = YES;
				CLANG_WARN_OBJC_ROOT_CLASS = YES_ERROR;
				CLANG_WARN_RANGE_LOOP_ANALYSIS = YES;
				CLANG_WARN_STRICT_PROTOTYPES = YES;
				CLANG_WARN_SUSPICIOUS_MOVE = YES;
				CLANG_WARN_UNGUARDED_AVAILABILITY = YES_AGGRESSIVE;
				CLANG_WARN_UNREACHABLE_CODE = YES;
				CLANG_WARN__DUPLICATE_METHOD_MATCH = YES;
				CODE_SIGN_IDENTITY = "iPhone Developer";
				COPY_PHASE_STRIP = NO;
				DEBUG_INFORMATION_FORMAT = "dwarf-with-dsym";
				ENABLE_NS_ASSERTIONS = NO;
				ENABLE_STRICT_OBJC_MSGSEND = YES;
				GCC_C_LANGUAGE_STANDARD = gnu11;
				GCC_NO_COMMON_BLOCKS = YES;
				GCC_WARN_64_TO_32_BIT_CONVERSION = YES;
				GCC_WARN_ABOUT_RETURN_TYPE = YES_ERROR;
				GCC_WARN_UNDECLARED_SELECTOR = YES;
				GCC_WARN_UNINITIALIZED_AUTOS = YES_AGGRESSIVE;
				GCC_WARN_UNUSED_FUNCTION = YES;
				GCC_WARN_UNUSED_VARIABLE = YES;
				IPHONEOS_DEPLOYMENT_TARGET = 11.3;
				MTL_ENABLE_DEBUG_INFO = NO;
				SDKROOT = iphoneos;
				SWIFT_COMPILATION_MODE = wholemodule;
				SWIFT_OPTIMIZATION_LEVEL = "-O";
				VALIDATE_PRODUCT = YES;
			};
			name = Release;
		};
		AB9C5EE920B3B999000E60E9 /* Debug */ = {
			isa = XCBuildConfiguration;
			buildSettings = {
				ASSETCATALOG_COMPILER_APPICON_NAME = AppIcon;
				CLANG_ENABLE_MODULES = YES;
				CODE_SIGN_STYLE = Automatic;
				DEVELOPMENT_TEAM = QB846LS74R;
				INFOPLIST_FILE = GLKitDemo/Info.plist;
				LD_RUNPATH_SEARCH_PATHS = (
					"$(inherited)",
					"@executable_path/Frameworks",
				);
				PRODUCT_BUNDLE_IDENTIFIER = com.techcul.GLKitDemo;
				PRODUCT_NAME = "$(TARGET_NAME)";
				SWIFT_OBJC_BRIDGING_HEADER = "GLKitDemo/GLKitDemo-Bridging-Header.h";
				SWIFT_OPTIMIZATION_LEVEL = "-Onone";
				SWIFT_VERSION = 4.0;
				TARGETED_DEVICE_FAMILY = "1,2";
			};
			name = Debug;
		};
		AB9C5EEA20B3B999000E60E9 /* Release */ = {
			isa = XCBuildConfiguration;
			buildSettings = {
				ASSETCATALOG_COMPILER_APPICON_NAME = AppIcon;
				CLANG_ENABLE_MODULES = YES;
				CODE_SIGN_STYLE = Automatic;
				DEVELOPMENT_TEAM = QB846LS74R;
				INFOPLIST_FILE = GLKitDemo/Info.plist;
				LD_RUNPATH_SEARCH_PATHS = (
					"$(inherited)",
					"@executable_path/Frameworks",
				);
				PRODUCT_BUNDLE_IDENTIFIER = com.techcul.GLKitDemo;
				PRODUCT_NAME = "$(TARGET_NAME)";
				SWIFT_OBJC_BRIDGING_HEADER = "GLKitDemo/GLKitDemo-Bridging-Header.h";
				SWIFT_VERSION = 4.0;
				TARGETED_DEVICE_FAMILY = "1,2";
			};
			name = Release;
		};
/* End XCBuildConfiguration section */

/* Begin XCConfigurationList section */
		AB9C5ED120B3B997000E60E9 /* Build configuration list for PBXProject "GLKitDemo" */ = {
			isa = XCConfigurationList;
			buildConfigurations = (
				AB9C5EE620B3B999000E60E9 /* Debug */,
				AB9C5EE720B3B999000E60E9 /* Release */,
			);
			defaultConfigurationIsVisible = 0;
			defaultConfigurationName = Release;
		};
		AB9C5EE820B3B999000E60E9 /* Build configuration list for PBXNativeTarget "GLKitDemo" */ = {
			isa = XCConfigurationList;
			buildConfigurations = (
				AB9C5EE920B3B999000E60E9 /* Debug */,
				AB9C5EEA20B3B999000E60E9 /* Release */,
			);
			defaultConfigurationIsVisible = 0;
			defaultConfigurationName = Release;
		};
/* End XCConfigurationList section */
	};
	rootObject = AB9C5ECE20B3B997000E60E9 /* Project object */;
}
